
Microsoft Visual Studio Solution File, Format Version 12.00
# Visual Studio Version 17
VisualStudioVersion = 17.1.32328.378
MinimumVisualStudioVersion = 10.0.40219.1
Project("{FAE04EC0-301F-11D3-BF4B-00C04F79EFBC}") = "Demo", "src\Demo\Demo.csproj", "{B82C8E3E-B20A-4A7A-BF00-E6740A2911A6}"
EndProject
Global
	GlobalSection(SolutionConfigurationPlatforms) = preSolution
		Debug|Any CPU = Debug|Any CPU
		Release|Any CPU = Release|Any CPU
	EndGlobalSection
	GlobalSection(ProjectConfigurationPlatforms) = postSolution
		{B82C8E3E-B20A-4A7A-BF00-E6740A2911A6}.Debug|Any CPU.ActiveCfg = Debug|Any CPU
		{B82C8E3E-B20A-4A7A-BF00-E6740A2911A6}.Debug|Any CPU.Build.0 = Debug|Any CPU
		{B82C8E3E-B20A-4A7A-BF00-E6740A2911A6}.Release|Any CPU.ActiveCfg = Release|Any CPU
		{B82C8E3E-B20A-4A7A-BF00-E6740A2911A6}.Release|Any CPU.Build.0 = Release|Any CPU
	EndGlobalSection
	GlobalSection(SolutionProperties) = preSolution
		HideSolutionNode = FALSE
	EndGlobalSection
	GlobalSection(ExtensibilityGlobals) = postSolution
		SolutionGuid = {A3CDF296-1D47-4EA4-BF20-41AD5CB10B84}
	EndGlobalSection
EndGlobal
